
Microsoft Visual Studio Solution File, Format Version 10.00
# Visual Studio 2008
Project("{F184B08F-C81C-45F6-A57F-5ABD9991F28F}") = "02ArrayGUI", "02ArrayGUI\02ArrayGUI.vbproj", "{E9E2AFB4-97CD-4D70-9653-5A4F6D44B158}"
EndProject
Global
	GlobalSection(SolutionConfigurationPlatforms) = preSolution
		Debug|Any CPU = Debug|Any CPU
		Release|Any CPU = Release|Any CPU
	EndGlobalSection
	GlobalSection(ProjectConfigurationPlatforms) = postSolution
		{E9E2AFB4-97CD-4D70-9653-5A4F6D44B158}.Debug|Any CPU.ActiveCfg = Debug|Any CPU
		{E9E2AFB4-97CD-4D70-9653-5A4F6D44B158}.Debug|Any CPU.Build.0 = Debug|Any CPU
		{E9E2AFB4-97CD-4D70-9653-5A4F6D44B158}.Release|Any CPU.ActiveCfg = Release|Any CPU
		{E9E2AFB4-97CD-4D70-9653-5A4F6D44B158}.Release|Any CPU.Build.0 = Release|Any CPU
	EndGlobalSection
	GlobalSection(SolutionProperties) = preSolution
		HideSolutionNode = FALSE
	EndGlobalSection
EndGlobal
