
Microsoft Visual Studio Solution File, Format Version 10.00
# Visual Studio 2008
Project("{8BC9CEB8-8B4A-11D0-8D11-00A0C91BC942}") = "SchoolLargeNoMul", "MergeSort.vcproj", "{37962A5D-C3CC-48AE-96DD-EEF0D30B87DC}"
EndProject
Global
	GlobalSection(SolutionConfigurationPlatforms) = preSolution
		Debug|Win32 = Debug|Win32
		Release|Win32 = Release|Win32
	EndGlobalSection
	GlobalSection(ProjectConfigurationPlatforms) = postSolution
		{37962A5D-C3CC-48AE-96DD-EEF0D30B87DC}.Debug|Win32.ActiveCfg = Debug|Win32
		{37962A5D-C3CC-48AE-96DD-EEF0D30B87DC}.Debug|Win32.Build.0 = Debug|Win32
		{37962A5D-C3CC-48AE-96DD-EEF0D30B87DC}.Release|Win32.ActiveCfg = Release|Win32
		{37962A5D-C3CC-48AE-96DD-EEF0D30B87DC}.Release|Win32.Build.0 = Release|Win32
	EndGlobalSection
	GlobalSection(SolutionProperties) = preSolution
		HideSolutionNode = FALSE
	EndGlobalSection
EndGlobal
