
Microsoft Visual Studio Solution File, Format Version 10.00
# Visual Studio 2008
Project("{F184B08F-C81C-45F6-A57F-5ABD9991F28F}") = "notepad", "notepad\notepad.vbproj", "{E53A3C58-CF2C-4A2E-9A9C-5C0473D81776}"
EndProject
Global
	GlobalSection(SolutionConfigurationPlatforms) = preSolution
		Debug|Any CPU = Debug|Any CPU
		Release|Any CPU = Release|Any CPU
	EndGlobalSection
	GlobalSection(ProjectConfigurationPlatforms) = postSolution
		{E53A3C58-CF2C-4A2E-9A9C-5C0473D81776}.Debug|Any CPU.ActiveCfg = Debug|Any CPU
		{E53A3C58-CF2C-4A2E-9A9C-5C0473D81776}.Debug|Any CPU.Build.0 = Debug|Any CPU
		{E53A3C58-CF2C-4A2E-9A9C-5C0473D81776}.Release|Any CPU.ActiveCfg = Release|Any CPU
		{E53A3C58-CF2C-4A2E-9A9C-5C0473D81776}.Release|Any CPU.Build.0 = Release|Any CPU
	EndGlobalSection
	GlobalSection(SolutionProperties) = preSolution
		HideSolutionNode = FALSE
	EndGlobalSection
EndGlobal
